
Microsoft Visual Studio Solution File, Format Version 12.00
# Visual Studio 15
VisualStudioVersion = 15.0.27130.2026
MinimumVisualStudioVersion = 10.0.40219.1
Project("{FAE04EC0-301F-11D3-BF4B-00C04F79EFBC}") = "ConsoleMail", "ConsoleMail.csproj", "{37FCD2AB-005E-4B75-AB71-121B633305AA}"
EndProject
Global
	GlobalSection(SolutionConfigurationPlatforms) = preSolution
		Debug|Any CPU = Debug|Any CPU
		Release|Any CPU = Release|Any CPU
	EndGlobalSection
	GlobalSection(ProjectConfigurationPlatforms) = postSolution
		{37FCD2AB-005E-4B75-AB71-121B633305AA}.Debug|Any CPU.ActiveCfg = Debug|Any CPU
		{37FCD2AB-005E-4B75-AB71-121B633305AA}.Debug|Any CPU.Build.0 = Debug|Any CPU
		{37FCD2AB-005E-4B75-AB71-121B633305AA}.Release|Any CPU.ActiveCfg = Release|Any CPU
		{37FCD2AB-005E-4B75-AB71-121B633305AA}.Release|Any CPU.Build.0 = Release|Any CPU
	EndGlobalSection
	GlobalSection(SolutionProperties) = preSolution
		HideSolutionNode = FALSE
	EndGlobalSection
	GlobalSection(ExtensibilityGlobals) = postSolution
		SolutionGuid = {48110ACD-B2EC-46D9-9CD9-CB1EFD6D26BC}
	EndGlobalSection
EndGlobal
